
Microsoft Visual Studio Solution File, Format Version 12.00
# Visual Studio Version 17
VisualStudioVersion = 17.9.34728.123
MinimumVisualStudioVersion = 10.0.40219.1
Project("{8BC9CEB8-8B4A-11D0-8D11-00A0C91BC942}") = "OOPHomework13", "OOPHomework13.vcxproj", "{0A3CED5B-5D05-42F6-BDB4-6DB4B837A85A}"
EndProject
Global
	GlobalSection(SolutionConfigurationPlatforms) = preSolution
		Debug|x64 = Debug|x64
		Debug|x86 = Debug|x86
		Release|x64 = Release|x64
		Release|x86 = Release|x86
	EndGlobalSection
	GlobalSection(ProjectConfigurationPlatforms) = postSolution
		{0A3CED5B-5D05-42F6-BDB4-6DB4B837A85A}.Debug|x64.ActiveCfg = Debug|x64
		{0A3CED5B-5D05-42F6-BDB4-6DB4B837A85A}.Debug|x64.Build.0 = Debug|x64
		{0A3CED5B-5D05-42F6-BDB4-6DB4B837A85A}.Debug|x86.ActiveCfg = Debug|Win32
		{0A3CED5B-5D05-42F6-BDB4-6DB4B837A85A}.Debug|x86.Build.0 = Debug|Win32
		{0A3CED5B-5D05-42F6-BDB4-6DB4B837A85A}.Release|x64.ActiveCfg = Release|x64
		{0A3CED5B-5D05-42F6-BDB4-6DB4B837A85A}.Release|x64.Build.0 = Release|x64
		{0A3CED5B-5D05-42F6-BDB4-6DB4B837A85A}.Release|x86.ActiveCfg = Release|Win32
		{0A3CED5B-5D05-42F6-BDB4-6DB4B837A85A}.Release|x86.Build.0 = Release|Win32
	EndGlobalSection
	GlobalSection(SolutionProperties) = preSolution
		HideSolutionNode = FALSE
	EndGlobalSection
	GlobalSection(ExtensibilityGlobals) = postSolution
		SolutionGuid = {3D6A2A17-B999-4EE7-81ED-F3ABE38769D6}
	EndGlobalSection
EndGlobal
